
Microsoft Visual Studio Solution File, Format Version 12.00
# Visual Studio 14
VisualStudioVersion = 14.0.25420.1
MinimumVisualStudioVersion = 10.0.40219.1
Project("{FAE04EC0-301F-11D3-BF4B-00C04F79EFBC}") = "NbicDragonflies", "NbicDragonflies\NbicDragonflies\NbicDragonflies.csproj", "{C35C57D4-F5D4-4F8C-BECF-2EADA309ACE4}"
EndProject
Project("{FAE04EC0-301F-11D3-BF4B-00C04F79EFBC}") = "NbicDragonflies.Droid", "NbicDragonflies\NbicDragonflies.Droid\NbicDragonflies.Droid.csproj", "{7DA1F0E8-E3AF-469B-9D79-A834DEBB2625}"
EndProject
Project("{FAE04EC0-301F-11D3-BF4B-00C04F79EFBC}") = "NbicDragonflies.iOS", "NbicDragonflies\NbicDragonflies.iOS\NbicDragonflies.iOS.csproj", "{FB1EE0E4-CD1D-4C29-9420-7811F2E7AA85}"
EndProject
Project("{FAE04EC0-301F-11D3-BF4B-00C04F79EFBC}") = "NbicDragonfliesTests", "NbicDragonflies\NbicDragonfliesTests\NbicDragonfliesTests.csproj", "{B9427A0E-A313-4561-B12E-CFFAC74C40EE}"
EndProject
Global
	GlobalSection(SolutionConfigurationPlatforms) = preSolution
		Ad-Hoc|Any CPU = Ad-Hoc|Any CPU
		Ad-Hoc|iPhone = Ad-Hoc|iPhone
		Ad-Hoc|iPhoneSimulator = Ad-Hoc|iPhoneSimulator
		AppStore|Any CPU = AppStore|Any CPU
		AppStore|iPhone = AppStore|iPhone
		AppStore|iPhoneSimulator = AppStore|iPhoneSimulator
		Debug|Any CPU = Debug|Any CPU
		Debug|iPhone = Debug|iPhone
		Debug|iPhoneSimulator = Debug|iPhoneSimulator
		Release|Any CPU = Release|Any CPU
		Release|iPhone = Release|iPhone
		Release|iPhoneSimulator = Release|iPhoneSimulator
	EndGlobalSection
	GlobalSection(ProjectConfigurationPlatforms) = postSolution
		{C35C57D4-F5D4-4F8C-BECF-2EADA309ACE4}.Ad-Hoc|Any CPU.ActiveCfg = Release|Any CPU
		{C35C57D4-F5D4-4F8C-BECF-2EADA309ACE4}.Ad-Hoc|Any CPU.Build.0 = Release|Any CPU
		{C35C57D4-F5D4-4F8C-BECF-2EADA309ACE4}.Ad-Hoc|iPhone.ActiveCfg = Release|Any CPU
		{C35C57D4-F5D4-4F8C-BECF-2EADA309ACE4}.Ad-Hoc|iPhone.Build.0 = Release|Any CPU
		{C35C57D4-F5D4-4F8C-BECF-2EADA309ACE4}.Ad-Hoc|iPhoneSimulator.ActiveCfg = Release|Any CPU
		{C35C57D4-F5D4-4F8C-BECF-2EADA309ACE4}.Ad-Hoc|iPhoneSimulator.Build.0 = Release|Any CPU
		{C35C57D4-F5D4-4F8C-BECF-2EADA309ACE4}.AppStore|Any CPU.ActiveCfg = Release|Any CPU
		{C35C57D4-F5D4-4F8C-BECF-2EADA309ACE4}.AppStore|Any CPU.Build.0 = Release|Any CPU
		{C35C57D4-F5D4-4F8C-BECF-2EADA309ACE4}.AppStore|iPhone.ActiveCfg = Release|Any CPU
		{C35C57D4-F5D4-4F8C-BECF-2EADA309ACE4}.AppStore|iPhone.Build.0 = Release|Any CPU
		{C35C57D4-F5D4-4F8C-BECF-2EADA309ACE4}.AppStore|iPhoneSimulator.ActiveCfg = Release|Any CPU
		{C35C57D4-F5D4-4F8C-BECF-2EADA309ACE4}.AppStore|iPhoneSimulator.Build.0 = Release|Any CPU
		{C35C57D4-F5D4-4F8C-BECF-2EADA309ACE4}.Debug|Any CPU.ActiveCfg = Debug|Any CPU
		{C35C57D4-F5D4-4F8C-BECF-2EADA309ACE4}.Debug|Any CPU.Build.0 = Debug|Any CPU
		{C35C57D4-F5D4-4F8C-BECF-2EADA309ACE4}.Debug|iPhone.ActiveCfg = Debug|Any CPU
		{C35C57D4-F5D4-4F8C-BECF-2EADA309ACE4}.Debug|iPhone.Build.0 = Debug|Any CPU
		{C35C57D4-F5D4-4F8C-BECF-2EADA309ACE4}.Debug|iPhoneSimulator.ActiveCfg = Debug|Any CPU
		{C35C57D4-F5D4-4F8C-BECF-2EADA309ACE4}.Debug|iPhoneSimulator.Build.0 = Debug|Any CPU
		{C35C57D4-F5D4-4F8C-BECF-2EADA309ACE4}.Release|Any CPU.ActiveCfg = Release|Any CPU
		{C35C57D4-F5D4-4F8C-BECF-2EADA309ACE4}.Release|Any CPU.Build.0 = Release|Any CPU
		{C35C57D4-F5D4-4F8C-BECF-2EADA309ACE4}.Release|iPhone.ActiveCfg = Release|Any CPU
		{C35C57D4-F5D4-4F8C-BECF-2EADA309ACE4}.Release|iPhone.Build.0 = Release|Any CPU
		{C35C57D4-F5D4-4F8C-BECF-2EADA309ACE4}.Release|iPhoneSimulator.ActiveCfg = Release|Any CPU
		{C35C57D4-F5D4-4F8C-BECF-2EADA309ACE4}.Release|iPhoneSimulator.Build.0 = Release|Any CPU
		{7DA1F0E8-E3AF-469B-9D79-A834DEBB2625}.Ad-Hoc|Any CPU.ActiveCfg = Release|Any CPU
		{7DA1F0E8-E3AF-469B-9D79-A834DEBB2625}.Ad-Hoc|Any CPU.Build.0 = Release|Any CPU
		{7DA1F0E8-E3AF-469B-9D79-A834DEBB2625}.Ad-Hoc|Any CPU.Deploy.0 = Release|Any CPU
		{7DA1F0E8-E3AF-469B-9D79-A834DEBB2625}.Ad-Hoc|iPhone.ActiveCfg = Release|Any CPU
		{7DA1F0E8-E3AF-469B-9D79-A834DEBB2625}.Ad-Hoc|iPhone.Build.0 = Release|Any CPU
		{7DA1F0E8-E3AF-469B-9D79-A834DEBB2625}.Ad-Hoc|iPhone.Deploy.0 = Release|Any CPU
		{7DA1F0E8-E3AF-469B-9D79-A834DEBB2625}.Ad-Hoc|iPhoneSimulator.ActiveCfg = Release|Any CPU
		{7DA1F0E8-E3AF-469B-9D79-A834DEBB2625}.Ad-Hoc|iPhoneSimulator.Build.0 = Release|Any CPU
		{7DA1F0E8-E3AF-469B-9D79-A834DEBB2625}.Ad-Hoc|iPhoneSimulator.Deploy.0 = Release|Any CPU
		{7DA1F0E8-E3AF-469B-9D79-A834DEBB2625}.AppStore|Any CPU.ActiveCfg = Release|Any CPU
		{7DA1F0E8-E3AF-469B-9D79-A834DEBB2625}.AppStore|Any CPU.Build.0 = Release|Any CPU
		{7DA1F0E8-E3AF-469B-9D79-A834DEBB2625}.AppStore|Any CPU.Deploy.0 = Release|Any CPU
		{7DA1F0E8-E3AF-469B-9D79-A834DEBB2625}.AppStore|iPhone.ActiveCfg = Release|Any CPU
		{7DA1F0E8-E3AF-469B-9D79-A834DEBB2625}.AppStore|iPhone.Build.0 = Release|Any CPU
		{7DA1F0E8-E3AF-469B-9D79-A834DEBB2625}.AppStore|iPhone.Deploy.0 = Release|Any CPU
		{7DA1F0E8-E3AF-469B-9D79-A834DEBB2625}.AppStore|iPhoneSimulator.ActiveCfg = Release|Any CPU
		{7DA1F0E8-E3AF-469B-9D79-A834DEBB2625}.AppStore|iPhoneSimulator.Build.0 = Release|Any CPU
		{7DA1F0E8-E3AF-469B-9D79-A834DEBB2625}.AppStore|iPhoneSimulator.Deploy.0 = Release|Any CPU
		{7DA1F0E8-E3AF-469B-9D79-A834DEBB2625}.Debug|Any CPU.ActiveCfg = Debug|Any CPU
		{7DA1F0E8-E3AF-469B-9D79-A834DEBB2625}.Debug|Any CPU.Deploy.0 = Debug|Any CPU
		{7DA1F0E8-E3AF-469B-9D79-A834DEBB2625}.Debug|iPhone.ActiveCfg = Debug|Any CPU
		{7DA1F0E8-E3AF-469B-9D79-A834DEBB2625}.Debug|iPhone.Build.0 = Debug|Any CPU
		{7DA1F0E8-E3AF-469B-9D79-A834DEBB2625}.Debug|iPhone.Deploy.0 = Debug|Any CPU
		{7DA1F0E8-E3AF-469B-9D79-A834DEBB2625}.Debug|iPhoneSimulator.ActiveCfg = Debug|Any CPU
		{7DA1F0E8-E3AF-469B-9D79-A834DEBB2625}.Debug|iPhoneSimulator.Build.0 = Debug|Any CPU
		{7DA1F0E8-E3AF-469B-9D79-A834DEBB2625}.Debug|iPhoneSimulator.Deploy.0 = Debug|Any CPU
		{7DA1F0E8-E3AF-469B-9D79-A834DEBB2625}.Release|Any CPU.ActiveCfg = Release|Any CPU
		{7DA1F0E8-E3AF-469B-9D79-A834DEBB2625}.Release|Any CPU.Build.0 = Release|Any CPU
		{7DA1F0E8-E3AF-469B-9D79-A834DEBB2625}.Release|Any CPU.Deploy.0 = Release|Any CPU
		{7DA1F0E8-E3AF-469B-9D79-A834DEBB2625}.Release|iPhone.ActiveCfg = Release|Any CPU
		{7DA1F0E8-E3AF-469B-9D79-A834DEBB2625}.Release|iPhone.Build.0 = Release|Any CPU
		{7DA1F0E8-E3AF-469B-9D79-A834DEBB2625}.Release|iPhone.Deploy.0 = Release|Any CPU
		{7DA1F0E8-E3AF-469B-9D79-A834DEBB2625}.Release|iPhoneSimulator.ActiveCfg = Release|Any CPU
		{7DA1F0E8-E3AF-469B-9D79-A834DEBB2625}.Release|iPhoneSimulator.Build.0 = Release|Any CPU
		{7DA1F0E8-E3AF-469B-9D79-A834DEBB2625}.Release|iPhoneSimulator.Deploy.0 = Release|Any CPU
		{FB1EE0E4-CD1D-4C29-9420-7811F2E7AA85}.Ad-Hoc|Any CPU.ActiveCfg = Ad-Hoc|iPhone
		{FB1EE0E4-CD1D-4C29-9420-7811F2E7AA85}.Ad-Hoc|iPhone.ActiveCfg = Ad-Hoc|iPhone
		{FB1EE0E4-CD1D-4C29-9420-7811F2E7AA85}.Ad-Hoc|iPhone.Build.0 = Ad-Hoc|iPhone
		{FB1EE0E4-CD1D-4C29-9420-7811F2E7AA85}.Ad-Hoc|iPhoneSimulator.ActiveCfg = Ad-Hoc|iPhoneSimulator
		{FB1EE0E4-CD1D-4C29-9420-7811F2E7AA85}.Ad-Hoc|iPhoneSimulator.Build.0 = Ad-Hoc|iPhoneSimulator
		{FB1EE0E4-CD1D-4C29-9420-7811F2E7AA85}.AppStore|Any CPU.ActiveCfg = AppStore|iPhone
		{FB1EE0E4-CD1D-4C29-9420-7811F2E7AA85}.AppStore|iPhone.ActiveCfg = AppStore|iPhone
		{FB1EE0E4-CD1D-4C29-9420-7811F2E7AA85}.AppStore|iPhone.Build.0 = AppStore|iPhone
		{FB1EE0E4-CD1D-4C29-9420-7811F2E7AA85}.AppStore|iPhoneSimulator.ActiveCfg = AppStore|iPhoneSimulator
		{FB1EE0E4-CD1D-4C29-9420-7811F2E7AA85}.AppStore|iPhoneSimulator.Build.0 = AppStore|iPhoneSimulator
		{FB1EE0E4-CD1D-4C29-9420-7811F2E7AA85}.Debug|Any CPU.ActiveCfg = Debug|iPhone
		{FB1EE0E4-CD1D-4C29-9420-7811F2E7AA85}.Debug|iPhone.ActiveCfg = Debug|iPhone
		{FB1EE0E4-CD1D-4C29-9420-7811F2E7AA85}.Debug|iPhone.Build.0 = Debug|iPhone
		{FB1EE0E4-CD1D-4C29-9420-7811F2E7AA85}.Debug|iPhoneSimulator.ActiveCfg = Debug|iPhoneSimulator
		{FB1EE0E4-CD1D-4C29-9420-7811F2E7AA85}.Debug|iPhoneSimulator.Build.0 = Debug|iPhoneSimulator
		{FB1EE0E4-CD1D-4C29-9420-7811F2E7AA85}.Release|Any CPU.ActiveCfg = Release|iPhone
		{FB1EE0E4-CD1D-4C29-9420-7811F2E7AA85}.Release|iPhone.ActiveCfg = Release|iPhone
		{FB1EE0E4-CD1D-4C29-9420-7811F2E7AA85}.Release|iPhone.Build.0 = Release|iPhone
		{FB1EE0E4-CD1D-4C29-9420-7811F2E7AA85}.Release|iPhoneSimulator.ActiveCfg = Release|iPhoneSimulator
		{FB1EE0E4-CD1D-4C29-9420-7811F2E7AA85}.Release|iPhoneSimulator.Build.0 = Release|iPhoneSimulator
		{B9427A0E-A313-4561-B12E-CFFAC74C40EE}.Ad-Hoc|Any CPU.ActiveCfg = Release|Any CPU
		{B9427A0E-A313-4561-B12E-CFFAC74C40EE}.Ad-Hoc|Any CPU.Build.0 = Release|Any CPU
		{B9427A0E-A313-4561-B12E-CFFAC74C40EE}.Ad-Hoc|iPhone.ActiveCfg = Release|Any CPU
		{B9427A0E-A313-4561-B12E-CFFAC74C40EE}.Ad-Hoc|iPhone.Build.0 = Release|Any CPU
		{B9427A0E-A313-4561-B12E-CFFAC74C40EE}.Ad-Hoc|iPhoneSimulator.ActiveCfg = Release|Any CPU
		{B9427A0E-A313-4561-B12E-CFFAC74C40EE}.Ad-Hoc|iPhoneSimulator.Build.0 = Release|Any CPU
		{B9427A0E-A313-4561-B12E-CFFAC74C40EE}.AppStore|Any CPU.ActiveCfg = Release|Any CPU
		{B9427A0E-A313-4561-B12E-CFFAC74C40EE}.AppStore|Any CPU.Build.0 = Release|Any CPU
		{B9427A0E-A313-4561-B12E-CFFAC74C40EE}.AppStore|iPhone.ActiveCfg = Release|Any CPU
		{B9427A0E-A313-4561-B12E-CFFAC74C40EE}.AppStore|iPhone.Build.0 = Release|Any CPU
		{B9427A0E-A313-4561-B12E-CFFAC74C40EE}.AppStore|iPhoneSimulator.ActiveCfg = Release|Any CPU
		{B9427A0E-A313-4561-B12E-CFFAC74C40EE}.AppStore|iPhoneSimulator.Build.0 = Release|Any CPU
		{B9427A0E-A313-4561-B12E-CFFAC74C40EE}.Debug|Any CPU.ActiveCfg = Debug|Any CPU
		{B9427A0E-A313-4561-B12E-CFFAC74C40EE}.Debug|Any CPU.Build.0 = Debug|Any CPU
		{B9427A0E-A313-4561-B12E-CFFAC74C40EE}.Debug|iPhone.ActiveCfg = Debug|Any CPU
		{B9427A0E-A313-4561-B12E-CFFAC74C40EE}.Debug|iPhone.Build.0 = Debug|Any CPU
		{B9427A0E-A313-4561-B12E-CFFAC74C40EE}.Debug|iPhoneSimulator.ActiveCfg = Debug|Any CPU
		{B9427A0E-A313-4561-B12E-CFFAC74C40EE}.Debug|iPhoneSimulator.Build.0 = Debug|Any CPU
		{B9427A0E-A313-4561-B12E-CFFAC74C40EE}.Release|Any CPU.ActiveCfg = Release|Any CPU
		{B9427A0E-A313-4561-B12E-CFFAC74C40EE}.Release|Any CPU.Build.0 = Release|Any CPU
		{B9427A0E-A313-4561-B12E-CFFAC74C40EE}.Release|iPhone.ActiveCfg = Release|Any CPU
		{B9427A0E-A313-4561-B12E-CFFAC74C40EE}.Release|iPhone.Build.0 = Release|Any CPU
		{B9427A0E-A313-4561-B12E-CFFAC74C40EE}.Release|iPhoneSimulator.ActiveCfg = Release|Any CPU
		{B9427A0E-A313-4561-B12E-CFFAC74C40EE}.Release|iPhoneSimulator.Build.0 = Release|Any CPU
	EndGlobalSection
	GlobalSection(SolutionProperties) = preSolution
		HideSolutionNode = FALSE
	EndGlobalSection
EndGlobal
